
Microsoft Visual Studio Solution File, Format Version 12.00
# Visual Studio Version 16
VisualStudioVersion = 16.0.29920.165
MinimumVisualStudioVersion = 10.0.40219.1
Project("{FAE04EC0-301F-11D3-BF4B-00C04F79EFBC}") = "Authentication", "Authentication\Authentication.csproj", "{01E608C3-FFB3-4E15-8749-26C83D4FD080}"
EndProject
Project("{FAE04EC0-301F-11D3-BF4B-00C04F79EFBC}") = "Authentication.DataAccessLayer", "Authentication.DataAccessLayer\Authentication.DataAccessLayer.csproj", "{B68B2F1C-96D0-491A-BD6D-B9E88A4B89E3}"
EndProject
Project("{FAE04EC0-301F-11D3-BF4B-00C04F79EFBC}") = "Authentication.Core", "Authentication.Core\Authentication.Core.csproj", "{1C7254AE-1E77-4ADD-A6DD-AA480C410930}"
EndProject
Global
	GlobalSection(SolutionConfigurationPlatforms) = preSolution
		Debug|Any CPU = Debug|Any CPU
		Release|Any CPU = Release|Any CPU
	EndGlobalSection
	GlobalSection(ProjectConfigurationPlatforms) = postSolution
		{01E608C3-FFB3-4E15-8749-26C83D4FD080}.Debug|Any CPU.ActiveCfg = Debug|Any CPU
		{01E608C3-FFB3-4E15-8749-26C83D4FD080}.Debug|Any CPU.Build.0 = Debug|Any CPU
		{01E608C3-FFB3-4E15-8749-26C83D4FD080}.Release|Any CPU.ActiveCfg = Release|Any CPU
		{01E608C3-FFB3-4E15-8749-26C83D4FD080}.Release|Any CPU.Build.0 = Release|Any CPU
		{B68B2F1C-96D0-491A-BD6D-B9E88A4B89E3}.Debug|Any CPU.ActiveCfg = Debug|Any CPU
		{B68B2F1C-96D0-491A-BD6D-B9E88A4B89E3}.Debug|Any CPU.Build.0 = Debug|Any CPU
		{B68B2F1C-96D0-491A-BD6D-B9E88A4B89E3}.Release|Any CPU.ActiveCfg = Release|Any CPU
		{B68B2F1C-96D0-491A-BD6D-B9E88A4B89E3}.Release|Any CPU.Build.0 = Release|Any CPU
		{1C7254AE-1E77-4ADD-A6DD-AA480C410930}.Debug|Any CPU.ActiveCfg = Debug|Any CPU
		{1C7254AE-1E77-4ADD-A6DD-AA480C410930}.Debug|Any CPU.Build.0 = Debug|Any CPU
		{1C7254AE-1E77-4ADD-A6DD-AA480C410930}.Release|Any CPU.ActiveCfg = Release|Any CPU
		{1C7254AE-1E77-4ADD-A6DD-AA480C410930}.Release|Any CPU.Build.0 = Release|Any CPU
	EndGlobalSection
	GlobalSection(SolutionProperties) = preSolution
		HideSolutionNode = FALSE
	EndGlobalSection
	GlobalSection(ExtensibilityGlobals) = postSolution
		SolutionGuid = {C4AEEF17-B636-4025-A715-125CFA959496}
	EndGlobalSection
EndGlobal
